
Microsoft Visual Studio Solution File, Format Version 12.00
# Visual Studio 2012
Project("{8BC9CEB8-8B4A-11D0-8D11-00A0C91BC942}") = "SimplexNoise", "SimplexNoise\SimplexNoise.vcxproj", "{A8CD1341-3E07-4518-8F92-D3C64E504C0C}"
EndProject
Global
	GlobalSection(SolutionConfigurationPlatforms) = preSolution
		Debug|Win32 = Debug|Win32
		Release|Win32 = Release|Win32
	EndGlobalSection
	GlobalSection(ProjectConfigurationPlatforms) = postSolution
		{A8CD1341-3E07-4518-8F92-D3C64E504C0C}.Debug|Win32.ActiveCfg = Debug|Win32
		{A8CD1341-3E07-4518-8F92-D3C64E504C0C}.Debug|Win32.Build.0 = Debug|Win32
		{A8CD1341-3E07-4518-8F92-D3C64E504C0C}.Release|Win32.ActiveCfg = Release|Win32
		{A8CD1341-3E07-4518-8F92-D3C64E504C0C}.Release|Win32.Build.0 = Release|Win32
	EndGlobalSection
	GlobalSection(SolutionProperties) = preSolution
		HideSolutionNode = FALSE
	EndGlobalSection
EndGlobal
